
Microsoft Visual Studio Solution File, Format Version 12.00
# Visual Studio Version 16
VisualStudioVersion = 16.0.31005.135
MinimumVisualStudioVersion = 10.0.40219.1
Project("{FAE04EC0-301F-11D3-BF4B-00C04F79EFBC}") = "ChapooDAL", "ChapooDAL\ChapooDAL.csproj", "{C68EDFC9-4D7D-4C48-BDB3-38556F37E759}"
EndProject
Project("{FAE04EC0-301F-11D3-BF4B-00C04F79EFBC}") = "ChapooLogic", "ChapooLogic\ChapooLogic.csproj", "{95DE5106-086C-45EB-9774-FEF1F305446B}"
EndProject
Project("{FAE04EC0-301F-11D3-BF4B-00C04F79EFBC}") = "ChapooModel", "ChapooModel\ChapooModel.csproj", "{93076218-323D-4A03-855F-1A1191320D2E}"
EndProject
Project("{FAE04EC0-301F-11D3-BF4B-00C04F79EFBC}") = "ChapooUI", "ChapooUI\ChapooUI.csproj", "{8F8B0DFE-7203-465B-82EE-48552DEF656B}"
EndProject
Global
	GlobalSection(SolutionConfigurationPlatforms) = preSolution
		Debug|Any CPU = Debug|Any CPU
		Release|Any CPU = Release|Any CPU
	EndGlobalSection
	GlobalSection(ProjectConfigurationPlatforms) = postSolution
		{C68EDFC9-4D7D-4C48-BDB3-38556F37E759}.Debug|Any CPU.ActiveCfg = Debug|Any CPU
		{C68EDFC9-4D7D-4C48-BDB3-38556F37E759}.Debug|Any CPU.Build.0 = Debug|Any CPU
		{C68EDFC9-4D7D-4C48-BDB3-38556F37E759}.Release|Any CPU.ActiveCfg = Release|Any CPU
		{C68EDFC9-4D7D-4C48-BDB3-38556F37E759}.Release|Any CPU.Build.0 = Release|Any CPU
		{95DE5106-086C-45EB-9774-FEF1F305446B}.Debug|Any CPU.ActiveCfg = Debug|Any CPU
		{95DE5106-086C-45EB-9774-FEF1F305446B}.Debug|Any CPU.Build.0 = Debug|Any CPU
		{95DE5106-086C-45EB-9774-FEF1F305446B}.Release|Any CPU.ActiveCfg = Release|Any CPU
		{95DE5106-086C-45EB-9774-FEF1F305446B}.Release|Any CPU.Build.0 = Release|Any CPU
		{93076218-323D-4A03-855F-1A1191320D2E}.Debug|Any CPU.ActiveCfg = Debug|Any CPU
		{93076218-323D-4A03-855F-1A1191320D2E}.Debug|Any CPU.Build.0 = Debug|Any CPU
		{93076218-323D-4A03-855F-1A1191320D2E}.Release|Any CPU.ActiveCfg = Release|Any CPU
		{93076218-323D-4A03-855F-1A1191320D2E}.Release|Any CPU.Build.0 = Release|Any CPU
		{8F8B0DFE-7203-465B-82EE-48552DEF656B}.Debug|Any CPU.ActiveCfg = Debug|Any CPU
		{8F8B0DFE-7203-465B-82EE-48552DEF656B}.Debug|Any CPU.Build.0 = Debug|Any CPU
		{8F8B0DFE-7203-465B-82EE-48552DEF656B}.Release|Any CPU.ActiveCfg = Release|Any CPU
		{8F8B0DFE-7203-465B-82EE-48552DEF656B}.Release|Any CPU.Build.0 = Release|Any CPU
	EndGlobalSection
	GlobalSection(SolutionProperties) = preSolution
		HideSolutionNode = FALSE
	EndGlobalSection
	GlobalSection(ExtensibilityGlobals) = postSolution
		SolutionGuid = {4E9F310B-CAE8-4DCE-B3E0-67506D3092EF}
	EndGlobalSection
EndGlobal
